
Microsoft Visual Studio Solution File, Format Version 12.00
# Visual Studio 14
VisualStudioVersion = 14.0.25420.1
MinimumVisualStudioVersion = 10.0.40219.1
Project("{FAE04EC0-301F-11D3-BF4B-00C04F79EFBC}") = "FhirReferenceValidator.Engine", "FhirReferenceValidator.Engine\FhirReferenceValidator.Engine.csproj", "{4AE052B2-8D9E-4287-9BF7-1071EFEFE49F}"
EndProject
Project("{FAE04EC0-301F-11D3-BF4B-00C04F79EFBC}") = "FhirReferenceValidator", "FhirReferenceValidator\FhirReferenceValidator.csproj", "{7886A553-8DC4-446B-BE18-0E3B858CD51E}"
EndProject
Global
	GlobalSection(SolutionConfigurationPlatforms) = preSolution
		Debug|Any CPU = Debug|Any CPU
		Release|Any CPU = Release|Any CPU
	EndGlobalSection
	GlobalSection(ProjectConfigurationPlatforms) = postSolution
		{4AE052B2-8D9E-4287-9BF7-1071EFEFE49F}.Debug|Any CPU.ActiveCfg = Debug|Any CPU
		{4AE052B2-8D9E-4287-9BF7-1071EFEFE49F}.Debug|Any CPU.Build.0 = Debug|Any CPU
		{4AE052B2-8D9E-4287-9BF7-1071EFEFE49F}.Release|Any CPU.ActiveCfg = Release|Any CPU
		{4AE052B2-8D9E-4287-9BF7-1071EFEFE49F}.Release|Any CPU.Build.0 = Release|Any CPU
		{7886A553-8DC4-446B-BE18-0E3B858CD51E}.Debug|Any CPU.ActiveCfg = Debug|Any CPU
		{7886A553-8DC4-446B-BE18-0E3B858CD51E}.Debug|Any CPU.Build.0 = Debug|Any CPU
		{7886A553-8DC4-446B-BE18-0E3B858CD51E}.Release|Any CPU.ActiveCfg = Release|Any CPU
		{7886A553-8DC4-446B-BE18-0E3B858CD51E}.Release|Any CPU.Build.0 = Release|Any CPU
	EndGlobalSection
	GlobalSection(SolutionProperties) = preSolution
		HideSolutionNode = FALSE
	EndGlobalSection
EndGlobal
